
Microsoft Visual Studio Solution File, Format Version 11.00
# Visual Studio 2010
Project("{8BC9CEB8-8B4A-11D0-8D11-00A0C91BC942}") = "SpTool", "Code\SpTool.vcxproj", "{5B38C9A3-B884-472E-B777-9D006DF5F9BE}"
EndProject
Global
	GlobalSection(SolutionConfigurationPlatforms) = preSolution
		Debug|Win32 = Debug|Win32
		Release|Win32 = Release|Win32
	EndGlobalSection
	GlobalSection(ProjectConfigurationPlatforms) = postSolution
		{5B38C9A3-B884-472E-B777-9D006DF5F9BE}.Debug|Win32.ActiveCfg = Debug|Win32
		{5B38C9A3-B884-472E-B777-9D006DF5F9BE}.Debug|Win32.Build.0 = Debug|Win32
		{5B38C9A3-B884-472E-B777-9D006DF5F9BE}.Release|Win32.ActiveCfg = Release|Win32
		{5B38C9A3-B884-472E-B777-9D006DF5F9BE}.Release|Win32.Build.0 = Release|Win32
	EndGlobalSection
	GlobalSection(SolutionProperties) = preSolution
		HideSolutionNode = FALSE
	EndGlobalSection
EndGlobal
