<?xml version="1.0" encoding="utf-8"?>
<Project ToolsVersion="4.0" xmlns="http://schemas.microsoft.com/developer/msbuild/2003">
  <ItemGroup>
    <Filter Include="源文件">
      <UniqueIdentifier>{4FC737F1-C7A5-4376-A066-2A32D752A2FF}</UniqueIdentifier>
      <Extensions>cpp;c;cc;cxx;def;odl;idl;hpj;bat;asm;asmx</Extensions>
    </Filter>
    <Filter Include="头文件">
      <UniqueIdentifier>{93995380-89BD-4b04-88EB-625FBE52EBFB}</UniqueIdentifier>
      <Extensions>h;hpp;hxx;hm;inl;inc;xsd</Extensions>
    </Filter>
    <Filter Include="资源文件">
      <UniqueIdentifier>{67DA6AB6-F800-4c08-8B7A-83BB121AAD01}</UniqueIdentifier>
      <Extensions>rc;ico;cur;bmp;dlg;rc2;rct;bin;rgs;gif;jpg;jpeg;jpe;resx;tiff;tif;png;wav;mfcribbon-ms</Extensions>
    </Filter>
    <Filter Include="ArchCode">
      <UniqueIdentifier>{cc43888b-5849-4b10-953b-cd7b198064a6}</UniqueIdentifier>
    </Filter>
  </ItemGroup>
  <ItemGroup>
    <None Include="ReadMe.txt" />
    <None Include="res\bitmap1.bmp">
      <Filter>资源文件</Filter>
    </None>
    <None Include="res\CodeTester.rc2">
      <Filter>资源文件</Filter>
    </None>
    <None Include="res\CodeTester.ico">
      <Filter>资源文件</Filter>
    </None>
  </ItemGroup>
  <ItemGroup>
    <ClInclude Include="stdafx.h">
      <Filter>头文件</Filter>
    </ClInclude>
    <ClInclude Include="targetver.h">
      <Filter>头文件</Filter>
    </ClInclude>
    <ClInclude Include="Resource.h">
      <Filter>头文件</Filter>
    </ClInclude>
    <ClInclude Include="Tester.h">
      <Filter>头文件</Filter>
    </ClInclude>
    <ClInclude Include="LogCtrl.h">
      <Filter>头文件</Filter>
    </ClInclude>
    <ClInclude Include="CaseTreeData.h">
      <Filter>头文件</Filter>
    </ClInclude>
    <ClInclude Include="CaseTreeCtrl.h">
      <Filter>头文件</Filter>
    </ClInclude>
    <ClInclude Include="MyTreeCtrl.h">
      <Filter>头文件</Filter>
    </ClInclude>
    <ClInclude Include="TreeNodeData.h">
      <Filter>头文件</Filter>
    </ClInclude>
    <ClInclude Include="CodeTester.h">
      <Filter>头文件</Filter>
    </ClInclude>
    <ClInclude Include="CodeTesterDlg.h">
      <Filter>头文件</Filter>
    </ClInclude>
    <ClInclude Include="..\..\Arch\Debug.h">
      <Filter>ArchCode</Filter>
    </ClInclude>
    <ClInclude Include="..\..\Arch\Printf.h">
      <Filter>ArchCode</Filter>
    </ClInclude>
    <ClInclude Include="..\..\Arch\typedef.h">
      <Filter>ArchCode</Filter>
    </ClInclude>
    <ClInclude Include="..\..\Arch\CmdLine.h">
      <Filter>ArchCode</Filter>
    </ClInclude>
    <ClInclude Include="..\..\Arch\Shell.h">
      <Filter>ArchCode</Filter>
    </ClInclude>
    <ClInclude Include="ArchTester.h">
      <Filter>头文件</Filter>
    </ClInclude>
    <ClInclude Include="..\..\Arch\ArchDef.h">
      <Filter>ArchCode</Filter>
    </ClInclude>
  </ItemGroup>
  <ItemGroup>
    <ClCompile Include="stdafx.cpp">
      <Filter>源文件</Filter>
    </ClCompile>
    <ClCompile Include="Tester.cpp">
      <Filter>源文件</Filter>
    </ClCompile>
    <ClCompile Include="LogCtrl.cpp">
      <Filter>源文件</Filter>
    </ClCompile>
    <ClCompile Include="MyTreeCtrl.cpp">
      <Filter>源文件</Filter>
    </ClCompile>
    <ClCompile Include="CaseTreeData.cpp">
      <Filter>源文件</Filter>
    </ClCompile>
    <ClCompile Include="CaseTreeCtrl.cpp">
      <Filter>源文件</Filter>
    </ClCompile>
    <ClCompile Include="TreeNodeData.cpp">
      <Filter>源文件</Filter>
    </ClCompile>
    <ClCompile Include="CodeTester.cpp">
      <Filter>源文件</Filter>
    </ClCompile>
    <ClCompile Include="CodeTesterDlg.cpp">
      <Filter>源文件</Filter>
    </ClCompile>
    <ClCompile Include="..\..\Arch\debug.c">
      <Filter>ArchCode</Filter>
    </ClCompile>
    <ClCompile Include="..\..\Arch\Printf.c">
      <Filter>ArchCode</Filter>
    </ClCompile>
    <ClCompile Include="..\..\Arch\CmdLine.c">
      <Filter>ArchCode</Filter>
    </ClCompile>
    <ClCompile Include="..\..\Arch\Shell.c">
      <Filter>ArchCode</Filter>
    </ClCompile>
    <ClCompile Include="ArchTester.cpp">
      <Filter>源文件</Filter>
    </ClCompile>
    <ClCompile Include="..\..\Arch\Osa.c">
      <Filter>ArchCode</Filter>
    </ClCompile>
  </ItemGroup>
  <ItemGroup>
    <ResourceCompile Include="BmcTester.rc">
      <Filter>资源文件</Filter>
    </ResourceCompile>
  </ItemGroup>
</Project>